// !$*UTF8*$!
{
	archiveVersion = 1;
	classes = {
	};
	objectVersion = 46;
	objects = {

/* Begin PBXBuildFile section */
		8CB1C5561D2FFBBB006EE550 /* AppDelegate.swift in Sources */ = {isa = PBXBuildFile; fileRef = 8CB1C5551D2FFBBB006EE550 /* AppDelegate.swift */; };
		8CB1C55B1D2FFBBB006EE550 /* Main.storyboard in Resources */ = {isa = PBXBuildFile; fileRef = 8CB1C5591D2FFBBB006EE550 /* Main.storyboard */; };
		8CB1C55D1D2FFBBB006EE550 /* Assets.xcassets in Resources */ = {isa = PBXBuildFile; fileRef = 8CB1C55C1D2FFBBB006EE550 /* Assets.xcassets */; };
		8CB1C5601D2FFBBB006EE550 /* LaunchScreen.storyboard in Resources */ = {isa = PBXBuildFile; fileRef = 8CB1C55E1D2FFBBB006EE550 /* LaunchScreen.storyboard */; };
		8CB1C5681D2FFD15006EE550 /* PairListTableViewController.swift in Sources */ = {isa = PBXBuildFile; fileRef = 8CB1C5671D2FFD15006EE550 /* PairListTableViewController.swift */; };
		8CB1C56A1D2FFE27006EE550 /* Stack.swift in Sources */ = {isa = PBXBuildFile; fileRef = 8CB1C5691D2FFE27006EE550 /* Stack.swift */; };
		8CB1C56D1D2FFEA0006EE550 /* Model.xcdatamodeld in Sources */ = {isa = PBXBuildFile; fileRef = 8CB1C56B1D2FFEA0006EE550 /* Model.xcdatamodeld */; };
		8CB1C5701D300041006EE550 /* Entity+CoreDataProperties.swift in Sources */ = {isa = PBXBuildFile; fileRef = 8CB1C56E1D300041006EE550 /* Entity+CoreDataProperties.swift */; };
		8CB1C5711D300041006EE550 /* Entity.swift in Sources */ = {isa = PBXBuildFile; fileRef = 8CB1C56F1D300041006EE550 /* Entity.swift */; };
		8CB1C5771D30012C006EE550 /* EntityController.swift in Sources */ = {isa = PBXBuildFile; fileRef = 8CB1C5761D30012C006EE550 /* EntityController.swift */; };
/* End PBXBuildFile section */

/* Begin PBXFileReference section */
		8CB1C5521D2FFBBB006EE550 /* Pair.app */ = {isa = PBXFileReference; explicitFileType = wrapper.application; includeInIndex = 0; path = Pair.app; sourceTree = BUILT_PRODUCTS_DIR; };
		8CB1C5551D2FFBBB006EE550 /* AppDelegate.swift */ = {isa = PBXFileReference; lastKnownFileType = sourcecode.swift; path = AppDelegate.swift; sourceTree = "<group>"; };
		8CB1C55A1D2FFBBB006EE550 /* Base */ = {isa = PBXFileReference; lastKnownFileType = file.storyboard; name = Base; path = Base.lproj/Main.storyboard; sourceTree = "<group>"; };
		8CB1C55C1D2FFBBB006EE550 /* Assets.xcassets */ = {isa = PBXFileReference; lastKnownFileType = folder.assetcatalog; path = Assets.xcassets; sourceTree = "<group>"; };
		8CB1C55F1D2FFBBB006EE550 /* Base */ = {isa = PBXFileReference; lastKnownFileType = file.storyboard; name = Base; path = Base.lproj/LaunchScreen.storyboard; sourceTree = "<group>"; };
		8CB1C5611D2FFBBB006EE550 /* Info.plist */ = {isa = PBXFileReference; lastKnownFileType = text.plist.xml; path = Info.plist; sourceTree = "<group>"; };
		8CB1C5671D2FFD15006EE550 /* PairListTableViewController.swift */ = {isa = PBXFileReference; fileEncoding = 4; lastKnownFileType = sourcecode.swift; path = PairListTableViewController.swift; sourceTree = "<group>"; };
		8CB1C5691D2FFE27006EE550 /* Stack.swift */ = {isa = PBXFileReference; fileEncoding = 4; lastKnownFileType = sourcecode.swift; path = Stack.swift; sourceTree = "<group>"; };
		8CB1C56C1D2FFEA0006EE550 /* Model.xcdatamodel */ = {isa = PBXFileReference; lastKnownFileType = wrapper.xcdatamodel; path = Model.xcdatamodel; sourceTree = "<group>"; };
		8CB1C56E1D300041006EE550 /* Entity+CoreDataProperties.swift */ = {isa = PBXFileReference; fileEncoding = 4; lastKnownFileType = sourcecode.swift; name = "Entity+CoreDataProperties.swift"; path = "../Entity+CoreDataProperties.swift"; sourceTree = "<group>"; };
		8CB1C56F1D300041006EE550 /* Entity.swift */ = {isa = PBXFileReference; fileEncoding = 4; lastKnownFileType = sourcecode.swift; name = Entity.swift; path = ../Entity.swift; sourceTree = "<group>"; };
		8CB1C5761D30012C006EE550 /* EntityController.swift */ = {isa = PBXFileReference; fileEncoding = 4; lastKnownFileType = sourcecode.swift; path = EntityController.swift; sourceTree = "<group>"; };
/* End PBXFileReference section */

/* Begin PBXFrameworksBuildPhase section */
		8CB1C54F1D2FFBBB006EE550 /* Frameworks */ = {
			isa = PBXFrameworksBuildPhase;
			buildActionMask = 2147483647;
			files = (
			);
			runOnlyForDeploymentPostprocessing = 0;
		};
/* End PBXFrameworksBuildPhase section */

/* Begin PBXGroup section */
		8CB1C5491D2FFBBB006EE550 = {
			isa = PBXGroup;
			children = (
				8CB1C5541D2FFBBB006EE550 /* Pair */,
				8CB1C5531D2FFBBB006EE550 /* Products */,
			);
			sourceTree = "<group>";
		};
		8CB1C5531D2FFBBB006EE550 /* Products */ = {
			isa = PBXGroup;
			children = (
				8CB1C5521D2FFBBB006EE550 /* Pair.app */,
			);
			name = Products;
			sourceTree = "<group>";
		};
		8CB1C5541D2FFBBB006EE550 /* Pair */ = {
			isa = PBXGroup;
			children = (
				8CB1C5551D2FFBBB006EE550 /* AppDelegate.swift */,
				8CB1C5691D2FFE27006EE550 /* Stack.swift */,
				8CB1C5721D30004C006EE550 /* Model */,
				8CB1C5751D30010E006EE550 /* Model Controller */,
				8CB1C5781D300351006EE550 /* View Controller */,
				8CB1C5591D2FFBBB006EE550 /* Main.storyboard */,
				8CB1C55C1D2FFBBB006EE550 /* Assets.xcassets */,
				8CB1C55E1D2FFBBB006EE550 /* LaunchScreen.storyboard */,
				8CB1C5611D2FFBBB006EE550 /* Info.plist */,
			);
			path = Pair;
			sourceTree = "<group>";
		};
		8CB1C5721D30004C006EE550 /* Model */ = {
			isa = PBXGroup;
			children = (
				8CB1C56E1D300041006EE550 /* Entity+CoreDataProperties.swift */,
				8CB1C56F1D300041006EE550 /* Entity.swift */,
				8CB1C56B1D2FFEA0006EE550 /* Model.xcdatamodeld */,
			);
			name = Model;
			sourceTree = "<group>";
		};
		8CB1C5751D30010E006EE550 /* Model Controller */ = {
			isa = PBXGroup;
			children = (
				8CB1C5761D30012C006EE550 /* EntityController.swift */,
			);
			name = "Model Controller";
			sourceTree = "<group>";
		};
		8CB1C5781D300351006EE550 /* View Controller */ = {
			isa = PBXGroup;
			children = (
				8CB1C5671D2FFD15006EE550 /* PairListTableViewController.swift */,
			);
			name = "View Controller";
			sourceTree = "<group>";
		};
/* End PBXGroup section */

/* Begin PBXNativeTarget section */
		8CB1C5511D2FFBBB006EE550 /* Pair */ = {
			isa = PBXNativeTarget;
			buildConfigurationList = 8CB1C5641D2FFBBB006EE550 /* Build configuration list for PBXNativeTarget "Pair" */;
			buildPhases = (
				8CB1C54E1D2FFBBB006EE550 /* Sources */,
				8CB1C54F1D2FFBBB006EE550 /* Frameworks */,
				8CB1C5501D2FFBBB006EE550 /* Resources */,
			);
			buildRules = (
			);
			dependencies = (
			);
			name = Pair;
			productName = Pair;
			productReference = 8CB1C5521D2FFBBB006EE550 /* Pair.app */;
			productType = "com.apple.product-type.application";
		};
/* End PBXNativeTarget section */

/* Begin PBXProject section */
		8CB1C54A1D2FFBBB006EE550 /* Project object */ = {
			isa = PBXProject;
			attributes = {
				LastSwiftUpdateCheck = 0730;
				LastUpgradeCheck = 0730;
				ORGANIZATIONNAME = "Skylar Hansen";
				TargetAttributes = {
					8CB1C5511D2FFBBB006EE550 = {
						CreatedOnToolsVersion = 7.3.1;
					};
				};
			};
			buildConfigurationList = 8CB1C54D1D2FFBBB006EE550 /* Build configuration list for PBXProject "Pair" */;
			compatibilityVersion = "Xcode 3.2";
			developmentRegion = English;
			hasScannedForEncodings = 0;
			knownRegions = (
				en,
				Base,
			);
			mainGroup = 8CB1C5491D2FFBBB006EE550;
			productRefGroup = 8CB1C5531D2FFBBB006EE550 /* Products */;
			projectDirPath = "";
			projectRoot = "";
			targets = (
				8CB1C5511D2FFBBB006EE550 /* Pair */,
			);
		};
/* End PBXProject section */

/* Begin PBXResourcesBuildPhase section */
		8CB1C5501D2FFBBB006EE550 /* Resources */ = {
			isa = PBXResourcesBuildPhase;
			buildActionMask = 2147483647;
			files = (
				8CB1C5601D2FFBBB006EE550 /* LaunchScreen.storyboard in Resources */,
				8CB1C55D1D2FFBBB006EE550 /* Assets.xcassets in Resources */,
				8CB1C55B1D2FFBBB006EE550 /* Main.storyboard in Resources */,
			);
			runOnlyForDeploymentPostprocessing = 0;
		};
/* End PBXResourcesBuildPhase section */

/* Begin PBXSourcesBuildPhase section */
		8CB1C54E1D2FFBBB006EE550 /* Sources */ = {
			isa = PBXSourcesBuildPhase;
			buildActionMask = 2147483647;
			files = (
				8CB1C5701D300041006EE550 /* Entity+CoreDataProperties.swift in Sources */,
				8CB1C5561D2FFBBB006EE550 /* AppDelegate.swift in Sources */,
				8CB1C5711D300041006EE550 /* Entity.swift in Sources */,
				8CB1C56A1D2FFE27006EE550 /* Stack.swift in Sources */,
				8CB1C5681D2FFD15006EE550 /* PairListTableViewController.swift in Sources */,
				8CB1C5771D30012C006EE550 /* EntityController.swift in Sources */,
				8CB1C56D1D2FFEA0006EE550 /* Model.xcdatamodeld in Sources */,
			);
			runOnlyForDeploymentPostprocessing = 0;
		};
/* End PBXSourcesBuildPhase section */

/* Begin PBXVariantGroup section */
		8CB1C5591D2FFBBB006EE550 /* Main.storyboard */ = {
			isa = PBXVariantGroup;
			children = (
				8CB1C55A1D2FFBBB006EE550 /* Base */,
			);
			name = Main.storyboard;
			sourceTree = "<group>";
		};
		8CB1C55E1D2FFBBB006EE550 /* LaunchScreen.storyboard */ = {
			isa = PBXVariantGroup;
			children = (
				8CB1C55F1D2FFBBB006EE550 /* Base */,
			);
			name = LaunchScreen.storyboard;
			sourceTree = "<group>";
		};
/* End PBXVariantGroup section */

/* Begin XCBuildConfiguration section */
		8CB1C5621D2FFBBB006EE550 /* Debug */ = {
			isa = XCBuildConfiguration;
			buildSettings = {
				ALWAYS_SEARCH_USER_PATHS = NO;
				CLANG_ANALYZER_NONNULL = YES;
				CLANG_CXX_LANGUAGE_STANDARD = "gnu++0x";
				CLANG_CXX_LIBRARY = "libc++";
				CLANG_ENABLE_MODULES = YES;
				CLANG_ENABLE_OBJC_ARC = YES;
				CLANG_WARN_BOOL_CONVERSION = YES;
				CLANG_WARN_CONSTANT_CONVERSION = YES;
				CLANG_WARN_DIRECT_OBJC_ISA_USAGE = YES_ERROR;
				CLANG_WARN_EMPTY_BODY = YES;
				CLANG_WARN_ENUM_CONVERSION = YES;
				CLANG_WARN_INT_CONVERSION = YES;
				CLANG_WARN_OBJC_ROOT_CLASS = YES_ERROR;
				CLANG_WARN_UNREACHABLE_CODE = YES;
				CLANG_WARN__DUPLICATE_METHOD_MATCH = YES;
				"CODE_SIGN_IDENTITY[sdk=iphoneos*]" = "iPhone Developer";
				COPY_PHASE_STRIP = NO;
				DEBUG_INFORMATION_FORMAT = dwarf;
				ENABLE_STRICT_OBJC_MSGSEND = YES;
				ENABLE_TESTABILITY = YES;
				GCC_C_LANGUAGE_STANDARD = gnu99;
				GCC_DYNAMIC_NO_PIC = NO;
				GCC_NO_COMMON_BLOCKS = YES;
				GCC_OPTIMIZATION_LEVEL = 0;
				GCC_PREPROCESSOR_DEFINITIONS = (
					"DEBUG=1",
					"$(inherited)",
				);
				GCC_WARN_64_TO_32_BIT_CONVERSION = YES;
				GCC_WARN_ABOUT_RETURN_TYPE = YES_ERROR;
				GCC_WARN_UNDECLARED_SELECTOR = YES;
				GCC_WARN_UNINITIALIZED_AUTOS = YES_AGGRESSIVE;
				GCC_WARN_UNUSED_FUNCTION = YES;
				GCC_WARN_UNUSED_VARIABLE = YES;
				IPHONEOS_DEPLOYMENT_TARGET = 9.3;
				MTL_ENABLE_DEBUG_INFO = YES;
				ONLY_ACTIVE_ARCH = YES;
				SDKROOT = iphoneos;
				SWIFT_OPTIMIZATION_LEVEL = "-Onone";
				TARGETED_DEVICE_FAMILY = "1,2";
			};
			name = Debug;
		};
		8CB1C5631D2FFBBB006EE550 /* Release */ = {
			isa = XCBuildConfiguration;
			buildSettings = {
				ALWAYS_SEARCH_USER_PATHS = NO;
				CLANG_ANALYZER_NONNULL = YES;
				CLANG_CXX_LANGUAGE_STANDARD = "gnu++0x";
				CLANG_CXX_LIBRARY = "libc++";
				CLANG_ENABLE_MODULES = YES;
				CLANG_ENABLE_OBJC_ARC = YES;
				CLANG_WARN_BOOL_CONVERSION = YES;
				CLANG_WARN_CONSTANT_CONVERSION = YES;
				CLANG_WARN_DIRECT_OBJC_ISA_USAGE = YES_ERROR;
				CLANG_WARN_EMPTY_BODY = YES;
				CLANG_WARN_ENUM_CONVERSION = YES;
				CLANG_WARN_INT_CONVERSION = YES;
				CLANG_WARN_OBJC_ROOT_CLASS = YES_ERROR;
				CLANG_WARN_UNREACHABLE_CODE = YES;
				CLANG_WARN__DUPLICATE_METHOD_MATCH = YES;
				"CODE_SIGN_IDENTITY[sdk=iphoneos*]" = "iPhone Developer";
				COPY_PHASE_STRIP = NO;
				DEBUG_INFORMATION_FORMAT = "dwarf-with-dsym";
				ENABLE_NS_ASSERTIONS = NO;
				ENABLE_STRICT_OBJC_MSGSEND = YES;
				GCC_C_LANGUAGE_STANDARD = gnu99;
				GCC_NO_COMMON_BLOCKS = YES;
				GCC_WARN_64_TO_32_BIT_CONVERSION = YES;
				GCC_WARN_ABOUT_RETURN_TYPE = YES_ERROR;
				GCC_WARN_UNDECLARED_SELECTOR = YES;
				GCC_WARN_UNINITIALIZED_AUTOS = YES_AGGRESSIVE;
				GCC_WARN_UNUSED_FUNCTION = YES;
				GCC_WARN_UNUSED_VARIABLE = YES;
				IPHONEOS_DEPLOYMENT_TARGET = 9.3;
				MTL_ENABLE_DEBUG_INFO = NO;
				SDKROOT = iphoneos;
				TARGETED_DEVICE_FAMILY = "1,2";
				VALIDATE_PRODUCT = YES;
			};
			name = Release;
		};
		8CB1C5651D2FFBBB006EE550 /* Debug */ = {
			isa = XCBuildConfiguration;
			buildSettings = {
				ASSETCATALOG_COMPILER_APPICON_NAME = AppIcon;
				INFOPLIST_FILE = Pair/Info.plist;
				LD_RUNPATH_SEARCH_PATHS = "$(inherited) @executable_path/Frameworks";
				PRODUCT_BUNDLE_IDENTIFIER = com.skylarhansen.Pair;
				PRODUCT_NAME = "$(TARGET_NAME)";
			};
			name = Debug;
		};
		8CB1C5661D2FFBBB006EE550 /* Release */ = {
			isa = XCBuildConfiguration;
			buildSettings = {
				ASSETCATALOG_COMPILER_APPICON_NAME = AppIcon;
				INFOPLIST_FILE = Pair/Info.plist;
				LD_RUNPATH_SEARCH_PATHS = "$(inherited) @executable_path/Frameworks";
				PRODUCT_BUNDLE_IDENTIFIER = com.skylarhansen.Pair;
				PRODUCT_NAME = "$(TARGET_NAME)";
			};
			name = Release;
		};
/* End XCBuildConfiguration section */

/* Begin XCConfigurationList section */
		8CB1C54D1D2FFBBB006EE550 /* Build configuration list for PBXProject "Pair" */ = {
			isa = XCConfigurationList;
			buildConfigurations = (
				8CB1C5621D2FFBBB006EE550 /* Debug */,
				8CB1C5631D2FFBBB006EE550 /* Release */,
			);
			defaultConfigurationIsVisible = 0;
			defaultConfigurationName = Release;
		};
		8CB1C5641D2FFBBB006EE550 /* Build configuration list for PBXNativeTarget "Pair" */ = {
			isa = XCConfigurationList;
			buildConfigurations = (
				8CB1C5651D2FFBBB006EE550 /* Debug */,
				8CB1C5661D2FFBBB006EE550 /* Release */,
			);
			defaultConfigurationIsVisible = 0;
		};
/* End XCConfigurationList section */

/* Begin XCVersionGroup section */
		8CB1C56B1D2FFEA0006EE550 /* Model.xcdatamodeld */ = {
			isa = XCVersionGroup;
			children = (
				8CB1C56C1D2FFEA0006EE550 /* Model.xcdatamodel */,
			);
			currentVersion = 8CB1C56C1D2FFEA0006EE550 /* Model.xcdatamodel */;
			path = Model.xcdatamodeld;
			sourceTree = "<group>";
			versionGroupType = wrapper.xcdatamodel;
		};
/* End XCVersionGroup section */
	};
	rootObject = 8CB1C54A1D2FFBBB006EE550 /* Project object */;
}
